// !$*UTF8*$!
{
	archiveVersion = 1;
	classes = {
	};
	objectVersion = 50;
	objects = {

/* Begin PBXBuildFile section */
		3104FDA024EEEEF900280083 /* Node.swift in Sources */ = {isa = PBXBuildFile; fileRef = 3104FD9F24EEEEF900280083 /* Node.swift */; };
		3104FDA524EEF07E00280083 /* Plane.swift in Sources */ = {isa = PBXBuildFile; fileRef = 3104FDA424EEF07E00280083 /* Plane.swift */; };
		3104FDA724EEF0A900280083 /* Scene.swift in Sources */ = {isa = PBXBuildFile; fileRef = 3104FDA624EEF0A900280083 /* Scene.swift */; };
		3104FDA924EEF50E00280083 /* Primitive.swift in Sources */ = {isa = PBXBuildFile; fileRef = 3104FDA824EEF50E00280083 /* Primitive.swift */; };
		3104FDAB24EEF7CB00280083 /* BasicScene.swift in Sources */ = {isa = PBXBuildFile; fileRef = 3104FDAA24EEF7CB00280083 /* BasicScene.swift */; };
		3104FDAD24EEF88B00280083 /* Triangle.swift in Sources */ = {isa = PBXBuildFile; fileRef = 3104FDAC24EEF88B00280083 /* Triangle.swift */; };
		3104FDB024EEFDF300280083 /* Maths.swift in Sources */ = {isa = PBXBuildFile; fileRef = 3104FDAF24EEFDF300280083 /* Maths.swift */; };
		3104FDB224F7068B00280083 /* Cube.swift in Sources */ = {isa = PBXBuildFile; fileRef = 3104FDB124F7068B00280083 /* Cube.swift */; };
		310C2CC924E7F56B0051F0A0 /* AppDelegate.swift in Sources */ = {isa = PBXBuildFile; fileRef = 310C2CC824E7F56B0051F0A0 /* AppDelegate.swift */; };
		310C2CCB24E7F56B0051F0A0 /* SceneDelegate.swift in Sources */ = {isa = PBXBuildFile; fileRef = 310C2CCA24E7F56B0051F0A0 /* SceneDelegate.swift */; };
		310C2CCD24E7F56B0051F0A0 /* ViewController.swift in Sources */ = {isa = PBXBuildFile; fileRef = 310C2CCC24E7F56B0051F0A0 /* ViewController.swift */; };
		310C2CD024E7F56B0051F0A0 /* Main.storyboard in Resources */ = {isa = PBXBuildFile; fileRef = 310C2CCE24E7F56B0051F0A0 /* Main.storyboard */; };
		310C2CD224E7F5700051F0A0 /* Assets.xcassets in Resources */ = {isa = PBXBuildFile; fileRef = 310C2CD124E7F5700051F0A0 /* Assets.xcassets */; };
		310C2CD524E7F5700051F0A0 /* LaunchScreen.storyboard in Resources */ = {isa = PBXBuildFile; fileRef = 310C2CD324E7F5700051F0A0 /* LaunchScreen.storyboard */; };
		310C2CDD24E7FC5B0051F0A0 /* Renderer.swift in Sources */ = {isa = PBXBuildFile; fileRef = 310C2CDC24E7FC5B0051F0A0 /* Renderer.swift */; };
		310C2CDF24E80C8D0051F0A0 /* MyMetalView.swift in Sources */ = {isa = PBXBuildFile; fileRef = 310C2CDE24E80C8D0051F0A0 /* MyMetalView.swift */; };
		310C2CE124E8198D0051F0A0 /* Shaders.metal in Sources */ = {isa = PBXBuildFile; fileRef = 310C2CE024E8198D0051F0A0 /* Shaders.metal */; };
		310C2CE324E828050051F0A0 /* Types.swift in Sources */ = {isa = PBXBuildFile; fileRef = 310C2CE224E828050051F0A0 /* Types.swift */; };
/* End PBXBuildFile section */

/* Begin PBXFileReference section */
		3104FD9F24EEEEF900280083 /* Node.swift */ = {isa = PBXFileReference; lastKnownFileType = sourcecode.swift; path = Node.swift; sourceTree = "<group>"; };
		3104FDA424EEF07E00280083 /* Plane.swift */ = {isa = PBXFileReference; lastKnownFileType = sourcecode.swift; path = Plane.swift; sourceTree = "<group>"; };
		3104FDA624EEF0A900280083 /* Scene.swift */ = {isa = PBXFileReference; lastKnownFileType = sourcecode.swift; path = Scene.swift; sourceTree = "<group>"; };
		3104FDA824EEF50E00280083 /* Primitive.swift */ = {isa = PBXFileReference; lastKnownFileType = sourcecode.swift; path = Primitive.swift; sourceTree = "<group>"; };
		3104FDAA24EEF7CB00280083 /* BasicScene.swift */ = {isa = PBXFileReference; lastKnownFileType = sourcecode.swift; path = BasicScene.swift; sourceTree = "<group>"; };
		3104FDAC24EEF88B00280083 /* Triangle.swift */ = {isa = PBXFileReference; lastKnownFileType = sourcecode.swift; path = Triangle.swift; sourceTree = "<group>"; };
		3104FDAF24EEFDF300280083 /* Maths.swift */ = {isa = PBXFileReference; lastKnownFileType = sourcecode.swift; path = Maths.swift; sourceTree = "<group>"; };
		3104FDB124F7068B00280083 /* Cube.swift */ = {isa = PBXFileReference; lastKnownFileType = sourcecode.swift; path = Cube.swift; sourceTree = "<group>"; };
		310C2CC524E7F56B0051F0A0 /* SimpleGfxEngine.app */ = {isa = PBXFileReference; explicitFileType = wrapper.application; includeInIndex = 0; path = SimpleGfxEngine.app; sourceTree = BUILT_PRODUCTS_DIR; };
		310C2CC824E7F56B0051F0A0 /* AppDelegate.swift */ = {isa = PBXFileReference; lastKnownFileType = sourcecode.swift; path = AppDelegate.swift; sourceTree = "<group>"; };
		310C2CCA24E7F56B0051F0A0 /* SceneDelegate.swift */ = {isa = PBXFileReference; lastKnownFileType = sourcecode.swift; path = SceneDelegate.swift; sourceTree = "<group>"; };
		310C2CCC24E7F56B0051F0A0 /* ViewController.swift */ = {isa = PBXFileReference; lastKnownFileType = sourcecode.swift; path = ViewController.swift; sourceTree = "<group>"; };
		310C2CCF24E7F56B0051F0A0 /* Base */ = {isa = PBXFileReference; lastKnownFileType = file.storyboard; name = Base; path = Base.lproj/Main.storyboard; sourceTree = "<group>"; };
		310C2CD124E7F5700051F0A0 /* Assets.xcassets */ = {isa = PBXFileReference; lastKnownFileType = folder.assetcatalog; path = Assets.xcassets; sourceTree = "<group>"; };
		310C2CD424E7F5700051F0A0 /* Base */ = {isa = PBXFileReference; lastKnownFileType = file.storyboard; name = Base; path = Base.lproj/LaunchScreen.storyboard; sourceTree = "<group>"; };
		310C2CD624E7F5700051F0A0 /* Info.plist */ = {isa = PBXFileReference; lastKnownFileType = text.plist.xml; path = Info.plist; sourceTree = "<group>"; };
		310C2CDC24E7FC5B0051F0A0 /* Renderer.swift */ = {isa = PBXFileReference; lastKnownFileType = sourcecode.swift; path = Renderer.swift; sourceTree = "<group>"; };
		310C2CDE24E80C8D0051F0A0 /* MyMetalView.swift */ = {isa = PBXFileReference; lastKnownFileType = sourcecode.swift; path = MyMetalView.swift; sourceTree = "<group>"; };
		310C2CE024E8198D0051F0A0 /* Shaders.metal */ = {isa = PBXFileReference; lastKnownFileType = sourcecode.metal; path = Shaders.metal; sourceTree = "<group>"; };
		310C2CE224E828050051F0A0 /* Types.swift */ = {isa = PBXFileReference; lastKnownFileType = sourcecode.swift; path = Types.swift; sourceTree = "<group>"; };
/* End PBXFileReference section */

/* Begin PBXFrameworksBuildPhase section */
		310C2CC224E7F56B0051F0A0 /* Frameworks */ = {
			isa = PBXFrameworksBuildPhase;
			buildActionMask = 2147483647;
			files = (
			);
			runOnlyForDeploymentPostprocessing = 0;
		};
/* End PBXFrameworksBuildPhase section */

/* Begin PBXGroup section */
		3104FD9E24EEEEE500280083 /* Node */ = {
			isa = PBXGroup;
			children = (
				3104FD9F24EEEEF900280083 /* Node.swift */,
				3104FDA424EEF07E00280083 /* Plane.swift */,
				3104FDA824EEF50E00280083 /* Primitive.swift */,
				3104FDAC24EEF88B00280083 /* Triangle.swift */,
				3104FDB124F7068B00280083 /* Cube.swift */,
			);
			path = Node;
			sourceTree = "<group>";
		};
		3104FDA124EEF02900280083 /* Scene */ = {
			isa = PBXGroup;
			children = (
				3104FDA624EEF0A900280083 /* Scene.swift */,
				3104FDAA24EEF7CB00280083 /* BasicScene.swift */,
			);
			path = Scene;
			sourceTree = "<group>";
		};
		3104FDAE24EEFDE200280083 /* Maths */ = {
			isa = PBXGroup;
			children = (
				3104FDAF24EEFDF300280083 /* Maths.swift */,
			);
			path = Maths;
			sourceTree = "<group>";
		};
		310C2CBC24E7F56B0051F0A0 = {
			isa = PBXGroup;
			children = (
				310C2CC724E7F56B0051F0A0 /* SimpleGfxEngine */,
				310C2CC624E7F56B0051F0A0 /* Products */,
			);
			sourceTree = "<group>";
		};
		310C2CC624E7F56B0051F0A0 /* Products */ = {
			isa = PBXGroup;
			children = (
				310C2CC524E7F56B0051F0A0 /* SimpleGfxEngine.app */,
			);
			name = Products;
			sourceTree = "<group>";
		};
		310C2CC724E7F56B0051F0A0 /* SimpleGfxEngine */ = {
			isa = PBXGroup;
			children = (
				3104FDAE24EEFDE200280083 /* Maths */,
				3104FDA124EEF02900280083 /* Scene */,
				3104FD9E24EEEEE500280083 /* Node */,
				310C2CC824E7F56B0051F0A0 /* AppDelegate.swift */,
				310C2CCA24E7F56B0051F0A0 /* SceneDelegate.swift */,
				310C2CCC24E7F56B0051F0A0 /* ViewController.swift */,
				310C2CCE24E7F56B0051F0A0 /* Main.storyboard */,
				310C2CD124E7F5700051F0A0 /* Assets.xcassets */,
				310C2CD324E7F5700051F0A0 /* LaunchScreen.storyboard */,
				310C2CD624E7F5700051F0A0 /* Info.plist */,
				310C2CDC24E7FC5B0051F0A0 /* Renderer.swift */,
				310C2CDE24E80C8D0051F0A0 /* MyMetalView.swift */,
				310C2CE024E8198D0051F0A0 /* Shaders.metal */,
				310C2CE224E828050051F0A0 /* Types.swift */,
			);
			path = SimpleGfxEngine;
			sourceTree = "<group>";
		};
/* End PBXGroup section */

/* Begin PBXNativeTarget section */
		310C2CC424E7F56B0051F0A0 /* SimpleGfxEngine */ = {
			isa = PBXNativeTarget;
			buildConfigurationList = 310C2CD924E7F5700051F0A0 /* Build configuration list for PBXNativeTarget "SimpleGfxEngine" */;
			buildPhases = (
				310C2CC124E7F56B0051F0A0 /* Sources */,
				310C2CC224E7F56B0051F0A0 /* Frameworks */,
				310C2CC324E7F56B0051F0A0 /* Resources */,
			);
			buildRules = (
			);
			dependencies = (
			);
			name = SimpleGfxEngine;
			productName = SimpleGfxEngine;
			productReference = 310C2CC524E7F56B0051F0A0 /* SimpleGfxEngine.app */;
			productType = "com.apple.product-type.application";
		};
/* End PBXNativeTarget section */

/* Begin PBXProject section */
		310C2CBD24E7F56B0051F0A0 /* Project object */ = {
			isa = PBXProject;
			attributes = {
				LastSwiftUpdateCheck = 1200;
				LastUpgradeCheck = 1200;
				TargetAttributes = {
					310C2CC424E7F56B0051F0A0 = {
						CreatedOnToolsVersion = 12.0;
					};
				};
			};
			buildConfigurationList = 310C2CC024E7F56B0051F0A0 /* Build configuration list for PBXProject "SimpleGfxEngine" */;
			compatibilityVersion = "Xcode 9.3";
			developmentRegion = en;
			hasScannedForEncodings = 0;
			knownRegions = (
				en,
				Base,
			);
			mainGroup = 310C2CBC24E7F56B0051F0A0;
			productRefGroup = 310C2CC624E7F56B0051F0A0 /* Products */;
			projectDirPath = "";
			projectRoot = "";
			targets = (
				310C2CC424E7F56B0051F0A0 /* SimpleGfxEngine */,
			);
		};
/* End PBXProject section */

/* Begin PBXResourcesBuildPhase section */
		310C2CC324E7F56B0051F0A0 /* Resources */ = {
			isa = PBXResourcesBuildPhase;
			buildActionMask = 2147483647;
			files = (
				310C2CD524E7F5700051F0A0 /* LaunchScreen.storyboard in Resources */,
				310C2CD224E7F5700051F0A0 /* Assets.xcassets in Resources */,
				310C2CD024E7F56B0051F0A0 /* Main.storyboard in Resources */,
			);
			runOnlyForDeploymentPostprocessing = 0;
		};
/* End PBXResourcesBuildPhase section */

/* Begin PBXSourcesBuildPhase section */
		310C2CC124E7F56B0051F0A0 /* Sources */ = {
			isa = PBXSourcesBuildPhase;
			buildActionMask = 2147483647;
			files = (
				310C2CE124E8198D0051F0A0 /* Shaders.metal in Sources */,
				3104FDAD24EEF88B00280083 /* Triangle.swift in Sources */,
				310C2CDD24E7FC5B0051F0A0 /* Renderer.swift in Sources */,
				3104FDA724EEF0A900280083 /* Scene.swift in Sources */,
				3104FDAB24EEF7CB00280083 /* BasicScene.swift in Sources */,
				3104FDA924EEF50E00280083 /* Primitive.swift in Sources */,
				3104FDA524EEF07E00280083 /* Plane.swift in Sources */,
				310C2CCD24E7F56B0051F0A0 /* ViewController.swift in Sources */,
				3104FDA024EEEEF900280083 /* Node.swift in Sources */,
				310C2CE324E828050051F0A0 /* Types.swift in Sources */,
				310C2CDF24E80C8D0051F0A0 /* MyMetalView.swift in Sources */,
				3104FDB224F7068B00280083 /* Cube.swift in Sources */,
				3104FDB024EEFDF300280083 /* Maths.swift in Sources */,
				310C2CC924E7F56B0051F0A0 /* AppDelegate.swift in Sources */,
				310C2CCB24E7F56B0051F0A0 /* SceneDelegate.swift in Sources */,
			);
			runOnlyForDeploymentPostprocessing = 0;
		};
/* End PBXSourcesBuildPhase section */

/* Begin PBXVariantGroup section */
		310C2CCE24E7F56B0051F0A0 /* Main.storyboard */ = {
			isa = PBXVariantGroup;
			children = (
				310C2CCF24E7F56B0051F0A0 /* Base */,
			);
			name = Main.storyboard;
			sourceTree = "<group>";
		};
		310C2CD324E7F5700051F0A0 /* LaunchScreen.storyboard */ = {
			isa = PBXVariantGroup;
			children = (
				310C2CD424E7F5700051F0A0 /* Base */,
			);
			name = LaunchScreen.storyboard;
			sourceTree = "<group>";
		};
/* End PBXVariantGroup section */

/* Begin XCBuildConfiguration section */
		310C2CD724E7F5700051F0A0 /* Debug */ = {
			isa = XCBuildConfiguration;
			buildSettings = {
				ALWAYS_SEARCH_USER_PATHS = NO;
				CLANG_ANALYZER_NONNULL = YES;
				CLANG_ANALYZER_NUMBER_OBJECT_CONVERSION = YES_AGGRESSIVE;
				CLANG_CXX_LANGUAGE_STANDARD = "gnu++14";
				CLANG_CXX_LIBRARY = "libc++";
				CLANG_ENABLE_MODULES = YES;
				CLANG_ENABLE_OBJC_ARC = YES;
				CLANG_ENABLE_OBJC_WEAK = YES;
				CLANG_WARN_BLOCK_CAPTURE_AUTORELEASING = YES;
				CLANG_WARN_BOOL_CONVERSION = YES;
				CLANG_WARN_COMMA = YES;
				CLANG_WARN_CONSTANT_CONVERSION = YES;
				CLANG_WARN_DEPRECATED_OBJC_IMPLEMENTATIONS = YES;
				CLANG_WARN_DIRECT_OBJC_ISA_USAGE = YES_ERROR;
				CLANG_WARN_DOCUMENTATION_COMMENTS = YES;
				CLANG_WARN_EMPTY_BODY = YES;
				CLANG_WARN_ENUM_CONVERSION = YES;
				CLANG_WARN_INFINITE_RECURSION = YES;
				CLANG_WARN_INT_CONVERSION = YES;
				CLANG_WARN_NON_LITERAL_NULL_CONVERSION = YES;
				CLANG_WARN_OBJC_IMPLICIT_RETAIN_SELF = YES;
				CLANG_WARN_OBJC_LITERAL_CONVERSION = YES;
				CLANG_WARN_OBJC_ROOT_CLASS = YES_ERROR;
				CLANG_WARN_QUOTED_INCLUDE_IN_FRAMEWORK_HEADER = YES;
				CLANG_WARN_RANGE_LOOP_ANALYSIS = YES;
				CLANG_WARN_STRICT_PROTOTYPES = YES;
				CLANG_WARN_SUSPICIOUS_MOVE = YES;
				CLANG_WARN_UNGUARDED_AVAILABILITY = YES_AGGRESSIVE;
				CLANG_WARN_UNREACHABLE_CODE = YES;
				CLANG_WARN__DUPLICATE_METHOD_MATCH = YES;
				COPY_PHASE_STRIP = NO;
				DEBUG_INFORMATION_FORMAT = dwarf;
				ENABLE_STRICT_OBJC_MSGSEND = YES;
				ENABLE_TESTABILITY = YES;
				GCC_C_LANGUAGE_STANDARD = gnu11;
				GCC_DYNAMIC_NO_PIC = NO;
				GCC_NO_COMMON_BLOCKS = YES;
				GCC_OPTIMIZATION_LEVEL = 0;
				GCC_PREPROCESSOR_DEFINITIONS = (
					"DEBUG=1",
					"$(inherited)",
				);
				GCC_WARN_64_TO_32_BIT_CONVERSION = YES;
				GCC_WARN_ABOUT_RETURN_TYPE = YES_ERROR;
				GCC_WARN_UNDECLARED_SELECTOR = YES;
				GCC_WARN_UNINITIALIZED_AUTOS = YES_AGGRESSIVE;
				GCC_WARN_UNUSED_FUNCTION = YES;
				GCC_WARN_UNUSED_VARIABLE = YES;
				IPHONEOS_DEPLOYMENT_TARGET = 14.0;
				MTL_ENABLE_DEBUG_INFO = INCLUDE_SOURCE;
				MTL_FAST_MATH = YES;
				ONLY_ACTIVE_ARCH = YES;
				SDKROOT = iphoneos;
				SWIFT_ACTIVE_COMPILATION_CONDITIONS = DEBUG;
				SWIFT_OPTIMIZATION_LEVEL = "-Onone";
			};
			name = Debug;
		};
		310C2CD824E7F5700051F0A0 /* Release */ = {
			isa = XCBuildConfiguration;
			buildSettings = {
				ALWAYS_SEARCH_USER_PATHS = NO;
				CLANG_ANALYZER_NONNULL = YES;
				CLANG_ANALYZER_NUMBER_OBJECT_CONVERSION = YES_AGGRESSIVE;
				CLANG_CXX_LANGUAGE_STANDARD = "gnu++14";
				CLANG_CXX_LIBRARY = "libc++";
				CLANG_ENABLE_MODULES = YES;
				CLANG_ENABLE_OBJC_ARC = YES;
				CLANG_ENABLE_OBJC_WEAK = YES;
				CLANG_WARN_BLOCK_CAPTURE_AUTORELEASING = YES;
				CLANG_WARN_BOOL_CONVERSION = YES;
				CLANG_WARN_COMMA = YES;
				CLANG_WARN_CONSTANT_CONVERSION = YES;
				CLANG_WARN_DEPRECATED_OBJC_IMPLEMENTATIONS = YES;
				CLANG_WARN_DIRECT_OBJC_ISA_USAGE = YES_ERROR;
				CLANG_WARN_DOCUMENTATION_COMMENTS = YES;
				CLANG_WARN_EMPTY_BODY = YES;
				CLANG_WARN_ENUM_CONVERSION = YES;
				CLANG_WARN_INFINITE_RECURSION = YES;
				CLANG_WARN_INT_CONVERSION = YES;
				CLANG_WARN_NON_LITERAL_NULL_CONVERSION = YES;
				CLANG_WARN_OBJC_IMPLICIT_RETAIN_SELF = YES;
				CLANG_WARN_OBJC_LITERAL_CONVERSION = YES;
				CLANG_WARN_OBJC_ROOT_CLASS = YES_ERROR;
				CLANG_WARN_QUOTED_INCLUDE_IN_FRAMEWORK_HEADER = YES;
				CLANG_WARN_RANGE_LOOP_ANALYSIS = YES;
				CLANG_WARN_STRICT_PROTOTYPES = YES;
				CLANG_WARN_SUSPICIOUS_MOVE = YES;
				CLANG_WARN_UNGUARDED_AVAILABILITY = YES_AGGRESSIVE;
				CLANG_WARN_UNREACHABLE_CODE = YES;
				CLANG_WARN__DUPLICATE_METHOD_MATCH = YES;
				COPY_PHASE_STRIP = NO;
				DEBUG_INFORMATION_FORMAT = "dwarf-with-dsym";
				ENABLE_NS_ASSERTIONS = NO;
				ENABLE_STRICT_OBJC_MSGSEND = YES;
				GCC_C_LANGUAGE_STANDARD = gnu11;
				GCC_NO_COMMON_BLOCKS = YES;
				GCC_WARN_64_TO_32_BIT_CONVERSION = YES;
				GCC_WARN_ABOUT_RETURN_TYPE = YES_ERROR;
				GCC_WARN_UNDECLARED_SELECTOR = YES;
				GCC_WARN_UNINITIALIZED_AUTOS = YES_AGGRESSIVE;
				GCC_WARN_UNUSED_FUNCTION = YES;
				GCC_WARN_UNUSED_VARIABLE = YES;
				IPHONEOS_DEPLOYMENT_TARGET = 14.0;
				MTL_ENABLE_DEBUG_INFO = NO;
				MTL_FAST_MATH = YES;
				SDKROOT = iphoneos;
				SWIFT_COMPILATION_MODE = wholemodule;
				SWIFT_OPTIMIZATION_LEVEL = "-O";
				VALIDATE_PRODUCT = YES;
			};
			name = Release;
		};
		310C2CDA24E7F5700051F0A0 /* Debug */ = {
			isa = XCBuildConfiguration;
			buildSettings = {
				ASSETCATALOG_COMPILER_APPICON_NAME = AppIcon;
				ASSETCATALOG_COMPILER_GLOBAL_ACCENT_COLOR_NAME = AccentColor;
				CODE_SIGN_STYLE = Automatic;
				DEVELOPMENT_TEAM = YMS9JB2GAY;
				INFOPLIST_FILE = SimpleGfxEngine/Info.plist;
				LD_RUNPATH_SEARCH_PATHS = (
					"$(inherited)",
					"@executable_path/Frameworks",
				);
				PRODUCT_BUNDLE_IDENTIFIER = com.vincentDibon.SimpleGfxEngine;
				PRODUCT_NAME = "$(TARGET_NAME)";
				SWIFT_VERSION = 5.0;
				TARGETED_DEVICE_FAMILY = "1,2";
			};
			name = Debug;
		};
		310C2CDB24E7F5700051F0A0 /* Release */ = {
			isa = XCBuildConfiguration;
			buildSettings = {
				ASSETCATALOG_COMPILER_APPICON_NAME = AppIcon;
				ASSETCATALOG_COMPILER_GLOBAL_ACCENT_COLOR_NAME = AccentColor;
				CODE_SIGN_STYLE = Automatic;
				DEVELOPMENT_TEAM = YMS9JB2GAY;
				INFOPLIST_FILE = SimpleGfxEngine/Info.plist;
				LD_RUNPATH_SEARCH_PATHS = (
					"$(inherited)",
					"@executable_path/Frameworks",
				);
				PRODUCT_BUNDLE_IDENTIFIER = com.vincentDibon.SimpleGfxEngine;
				PRODUCT_NAME = "$(TARGET_NAME)";
				SWIFT_VERSION = 5.0;
				TARGETED_DEVICE_FAMILY = "1,2";
			};
			name = Release;
		};
/* End XCBuildConfiguration section */

/* Begin XCConfigurationList section */
		310C2CC024E7F56B0051F0A0 /* Build configuration list for PBXProject "SimpleGfxEngine" */ = {
			isa = XCConfigurationList;
			buildConfigurations = (
				310C2CD724E7F5700051F0A0 /* Debug */,
				310C2CD824E7F5700051F0A0 /* Release */,
			);
			defaultConfigurationIsVisible = 0;
			defaultConfigurationName = Release;
		};
		310C2CD924E7F5700051F0A0 /* Build configuration list for PBXNativeTarget "SimpleGfxEngine" */ = {
			isa = XCConfigurationList;
			buildConfigurations = (
				310C2CDA24E7F5700051F0A0 /* Debug */,
				310C2CDB24E7F5700051F0A0 /* Release */,
			);
			defaultConfigurationIsVisible = 0;
			defaultConfigurationName = Release;
		};
/* End XCConfigurationList section */
	};
	rootObject = 310C2CBD24E7F56B0051F0A0 /* Project object */;
}
